
Microsoft Visual Studio Solution File, Format Version 10.00
# Visual Studio 2008
Project("{8BC9CEB8-8B4A-11D0-8D11-00A0C91BC942}") = "cpp_framework", "cpp_framework.vcproj", "{517FADD8-4532-4C26-BA38-A34E24D2CB1A}"
EndProject
Global
	GlobalSection(SolutionConfigurationPlatforms) = preSolution
		Debug|Win32 = Debug|Win32
		Release|Win32 = Release|Win32
	EndGlobalSection
	GlobalSection(ProjectConfigurationPlatforms) = postSolution
		{517FADD8-4532-4C26-BA38-A34E24D2CB1A}.Debug|Win32.ActiveCfg = Debug|Win32
		{517FADD8-4532-4C26-BA38-A34E24D2CB1A}.Debug|Win32.Build.0 = Debug|Win32
		{517FADD8-4532-4C26-BA38-A34E24D2CB1A}.Release|Win32.ActiveCfg = Release|Win32
		{517FADD8-4532-4C26-BA38-A34E24D2CB1A}.Release|Win32.Build.0 = Release|Win32
	EndGlobalSection
	GlobalSection(SolutionProperties) = preSolution
		HideSolutionNode = FALSE
	EndGlobalSection
EndGlobal
